
Microsoft Visual Studio Solution File, Format Version 12.00
# Visual Studio Version 17
VisualStudioVersion = 17.0.32112.339
MinimumVisualStudioVersion = 10.0.40219.1
Project("{FAE04EC0-301F-11D3-BF4B-00C04F79EFBC}") = "Academy_LibraryProject", "Academy_LibraryProject.csproj", "{BADA92B2-E07A-4D0E-AF90-88EC1811EA5E}"
EndProject
Global
	GlobalSection(SolutionConfigurationPlatforms) = preSolution
		Debug|Any CPU = Debug|Any CPU
		Release|Any CPU = Release|Any CPU
	EndGlobalSection
	GlobalSection(ProjectConfigurationPlatforms) = postSolution
		{BADA92B2-E07A-4D0E-AF90-88EC1811EA5E}.Debug|Any CPU.ActiveCfg = Debug|Any CPU
		{BADA92B2-E07A-4D0E-AF90-88EC1811EA5E}.Debug|Any CPU.Build.0 = Debug|Any CPU
		{BADA92B2-E07A-4D0E-AF90-88EC1811EA5E}.Release|Any CPU.ActiveCfg = Release|Any CPU
		{BADA92B2-E07A-4D0E-AF90-88EC1811EA5E}.Release|Any CPU.Build.0 = Release|Any CPU
	EndGlobalSection
	GlobalSection(SolutionProperties) = preSolution
		HideSolutionNode = FALSE
	EndGlobalSection
	GlobalSection(ExtensibilityGlobals) = postSolution
		SolutionGuid = {756EC471-C58A-465D-8D61-B32B177020E4}
	EndGlobalSection
EndGlobal
